
Microsoft Visual Studio Solution File, Format Version 12.00
# Visual Studio Version 16
VisualStudioVersion = 16.0.30128.74
MinimumVisualStudioVersion = 10.0.40219.1
Project("{9A19103F-16F7-4668-BE54-9A1E7A4F7556}") = "DIMS-Core", "DIMS-Core\DIMS-Core.csproj", "{ADE47FDD-FAAA-4338-B4B1-CA48652F1AD5}"
EndProject
Project("{9A19103F-16F7-4668-BE54-9A1E7A4F7556}") = "DIMS-Core.Logger", "DIMS-Core.Logger\DIMS-Core.Logger.csproj", "{ED1CA91E-1F55-45C9-B043-7DAFF234E5B3}"
EndProject
Project("{9A19103F-16F7-4668-BE54-9A1E7A4F7556}") = "DIMS-Core.BusinessLayer", "DIMS-Core.BusinessLayer\DIMS-Core.BusinessLayer.csproj", "{542E8DB3-C2CF-4736-82E0-22EC14BD73D8}"
EndProject
Project("{9A19103F-16F7-4668-BE54-9A1E7A4F7556}") = "DIMS-Core.DataAccessLayer", "DIMS-Core.DataAccessLayer\DIMS-Core.DataAccessLayer.csproj", "{7D7B799C-F591-4810-9EF9-33C7DF3588BA}"
EndProject
Project("{9A19103F-16F7-4668-BE54-9A1E7A4F7556}") = "DIMS-Core.Common", "DIMS-Core.Common\DIMS-Core.Common.csproj", "{2AA53145-527B-420D-9A61-CFF76696E357}"
EndProject
Project("{9A19103F-16F7-4668-BE54-9A1E7A4F7556}") = "DIMS-Core.Mailer", "DIMS-Core.Mailer\DIMS-Core.Mailer.csproj", "{6D5E13EC-99BB-4821-A5CE-9656EDF2887A}"
EndProject
Project("{9A19103F-16F7-4668-BE54-9A1E7A4F7556}") = "DIMS-Core.Identity", "DIMS-Core.Identity\DIMS-Core.Identity.csproj", "{F6238AA0-D631-4A05-95F6-A4F739A9C8F9}"
EndProject
Project("{9A19103F-16F7-4668-BE54-9A1E7A4F7556}") = "DIMS-Core.Tests", "DIMS-Core.Tests\DIMS-Core.Tests.csproj", "{8BA9839F-7A6D-4979-AB5A-65451485C888}"
EndProject
Global
	GlobalSection(SolutionConfigurationPlatforms) = preSolution
		Debug|Any CPU = Debug|Any CPU
		Release|Any CPU = Release|Any CPU
	EndGlobalSection
	GlobalSection(ProjectConfigurationPlatforms) = postSolution
		{ADE47FDD-FAAA-4338-B4B1-CA48652F1AD5}.Debug|Any CPU.ActiveCfg = Debug|Any CPU
		{ADE47FDD-FAAA-4338-B4B1-CA48652F1AD5}.Debug|Any CPU.Build.0 = Debug|Any CPU
		{ADE47FDD-FAAA-4338-B4B1-CA48652F1AD5}.Release|Any CPU.ActiveCfg = Release|Any CPU
		{ADE47FDD-FAAA-4338-B4B1-CA48652F1AD5}.Release|Any CPU.Build.0 = Release|Any CPU
		{ED1CA91E-1F55-45C9-B043-7DAFF234E5B3}.Debug|Any CPU.ActiveCfg = Debug|Any CPU
		{ED1CA91E-1F55-45C9-B043-7DAFF234E5B3}.Debug|Any CPU.Build.0 = Debug|Any CPU
		{ED1CA91E-1F55-45C9-B043-7DAFF234E5B3}.Release|Any CPU.ActiveCfg = Release|Any CPU
		{ED1CA91E-1F55-45C9-B043-7DAFF234E5B3}.Release|Any CPU.Build.0 = Release|Any CPU
		{542E8DB3-C2CF-4736-82E0-22EC14BD73D8}.Debug|Any CPU.ActiveCfg = Debug|Any CPU
		{542E8DB3-C2CF-4736-82E0-22EC14BD73D8}.Debug|Any CPU.Build.0 = Debug|Any CPU
		{542E8DB3-C2CF-4736-82E0-22EC14BD73D8}.Release|Any CPU.ActiveCfg = Release|Any CPU
		{542E8DB3-C2CF-4736-82E0-22EC14BD73D8}.Release|Any CPU.Build.0 = Release|Any CPU
		{7D7B799C-F591-4810-9EF9-33C7DF3588BA}.Debug|Any CPU.ActiveCfg = Debug|Any CPU
		{7D7B799C-F591-4810-9EF9-33C7DF3588BA}.Debug|Any CPU.Build.0 = Debug|Any CPU
		{7D7B799C-F591-4810-9EF9-33C7DF3588BA}.Release|Any CPU.ActiveCfg = Release|Any CPU
		{7D7B799C-F591-4810-9EF9-33C7DF3588BA}.Release|Any CPU.Build.0 = Release|Any CPU
		{2AA53145-527B-420D-9A61-CFF76696E357}.Debug|Any CPU.ActiveCfg = Debug|Any CPU
		{2AA53145-527B-420D-9A61-CFF76696E357}.Debug|Any CPU.Build.0 = Debug|Any CPU
		{2AA53145-527B-420D-9A61-CFF76696E357}.Release|Any CPU.ActiveCfg = Release|Any CPU
		{2AA53145-527B-420D-9A61-CFF76696E357}.Release|Any CPU.Build.0 = Release|Any CPU
		{6D5E13EC-99BB-4821-A5CE-9656EDF2887A}.Debug|Any CPU.ActiveCfg = Debug|Any CPU
		{6D5E13EC-99BB-4821-A5CE-9656EDF2887A}.Debug|Any CPU.Build.0 = Debug|Any CPU
		{6D5E13EC-99BB-4821-A5CE-9656EDF2887A}.Release|Any CPU.ActiveCfg = Release|Any CPU
		{6D5E13EC-99BB-4821-A5CE-9656EDF2887A}.Release|Any CPU.Build.0 = Release|Any CPU
		{F6238AA0-D631-4A05-95F6-A4F739A9C8F9}.Debug|Any CPU.ActiveCfg = Debug|Any CPU
		{F6238AA0-D631-4A05-95F6-A4F739A9C8F9}.Debug|Any CPU.Build.0 = Debug|Any CPU
		{F6238AA0-D631-4A05-95F6-A4F739A9C8F9}.Release|Any CPU.ActiveCfg = Release|Any CPU
		{F6238AA0-D631-4A05-95F6-A4F739A9C8F9}.Release|Any CPU.Build.0 = Release|Any CPU
		{8BA9839F-7A6D-4979-AB5A-65451485C888}.Debug|Any CPU.ActiveCfg = Debug|Any CPU
		{8BA9839F-7A6D-4979-AB5A-65451485C888}.Debug|Any CPU.Build.0 = Debug|Any CPU
		{8BA9839F-7A6D-4979-AB5A-65451485C888}.Release|Any CPU.ActiveCfg = Release|Any CPU
		{8BA9839F-7A6D-4979-AB5A-65451485C888}.Release|Any CPU.Build.0 = Release|Any CPU
	EndGlobalSection
	GlobalSection(SolutionProperties) = preSolution
		HideSolutionNode = FALSE
	EndGlobalSection
	GlobalSection(ExtensibilityGlobals) = postSolution
		SolutionGuid = {2DF31D53-0CCC-4539-AA65-A12F8721F779}
	EndGlobalSection
EndGlobal
