
Microsoft Visual Studio Solution File, Format Version 12.00
# Visual Studio Version 16
VisualStudioVersion = 16.0.30204.135
MinimumVisualStudioVersion = 10.0.40219.1
Project("{00D1A9C2-B5F0-4AF3-8072-F6C62B433612}") = "DIMS-Core.Database", "DIMS-Core.Database\DIMS-Core.Database.sqlproj", "{6BB58F8B-33A2-43CA-B4A2-A27C51FCFCCF}"
EndProject
Global
	GlobalSection(SolutionConfigurationPlatforms) = preSolution
		Debug|Any CPU = Debug|Any CPU
		Release|Any CPU = Release|Any CPU
	EndGlobalSection
	GlobalSection(ProjectConfigurationPlatforms) = postSolution
		{6BB58F8B-33A2-43CA-B4A2-A27C51FCFCCF}.Debug|Any CPU.ActiveCfg = Debug|Any CPU
		{6BB58F8B-33A2-43CA-B4A2-A27C51FCFCCF}.Debug|Any CPU.Build.0 = Debug|Any CPU
		{6BB58F8B-33A2-43CA-B4A2-A27C51FCFCCF}.Debug|Any CPU.Deploy.0 = Debug|Any CPU
		{6BB58F8B-33A2-43CA-B4A2-A27C51FCFCCF}.Release|Any CPU.ActiveCfg = Release|Any CPU
		{6BB58F8B-33A2-43CA-B4A2-A27C51FCFCCF}.Release|Any CPU.Build.0 = Release|Any CPU
		{6BB58F8B-33A2-43CA-B4A2-A27C51FCFCCF}.Release|Any CPU.Deploy.0 = Release|Any CPU
	EndGlobalSection
	GlobalSection(SolutionProperties) = preSolution
		HideSolutionNode = FALSE
	EndGlobalSection
	GlobalSection(ExtensibilityGlobals) = postSolution
		SolutionGuid = {4FE675F8-48D5-463D-BDA8-32150D4A1CD8}
	EndGlobalSection
EndGlobal
